
Microsoft Visual Studio Solution File, Format Version 12.00
# Visual Studio Version 17
VisualStudioVersion = 17.0.31903.59
MinimumVisualStudioVersion = 10.0.40219.1
Project("{2150E333-8FDC-42A3-9474-1A3956D46DE8}") = "src", "src", "{369524AD-FB5C-4F9A-A5AD-85E420DAAB99}"
EndProject
Project("{FAE04EC0-301F-11D3-BF4B-00C04F79EFBC}") = "Bearing", "src\Bearing\Bearing.csproj", "{A45A1263-0CBB-4E63-A5EF-EFFEB6FFD14A}"
EndProject
Project("{2150E333-8FDC-42A3-9474-1A3956D46DE8}") = "oracle", "oracle", "{8170795A-64EE-40F1-8EB2-751E2B931550}"
EndProject
Project("{FAE04EC0-301F-11D3-BF4B-00C04F79EFBC}") = "ArchProbe", "oracle\ArchProbe\ArchProbe.csproj", "{F15C46AE-17F3-4646-BD92-2C187E1293CC}"
EndProject
Project("{2150E333-8FDC-42A3-9474-1A3956D46DE8}") = "tests", "tests", "{6A9AE00B-A7A9-4097-B5E1-FB08D61A7537}"
EndProject
Project("{FAE04EC0-301F-11D3-BF4B-00C04F79EFBC}") = "Bearing.Tests", "tests\Bearing.Tests\Bearing.Tests.csproj", "{8E619DDF-64C2-4B32-8CFD-769EC68A7DB8}"
EndProject
Global
	GlobalSection(SolutionConfigurationPlatforms) = preSolution
		Debug|Any CPU = Debug|Any CPU
		Release|Any CPU = Release|Any CPU
	EndGlobalSection
	GlobalSection(SolutionProperties) = preSolution
		HideSolutionNode = FALSE
	EndGlobalSection
	GlobalSection(ProjectConfigurationPlatforms) = postSolution
		{A45A1263-0CBB-4E63-A5EF-EFFEB6FFD14A}.Debug|Any CPU.ActiveCfg = Debug|Any CPU
		{A45A1263-0CBB-4E63-A5EF-EFFEB6FFD14A}.Debug|Any CPU.Build.0 = Debug|Any CPU
		{A45A1263-0CBB-4E63-A5EF-EFFEB6FFD14A}.Release|Any CPU.ActiveCfg = Release|Any CPU
		{A45A1263-0CBB-4E63-A5EF-EFFEB6FFD14A}.Release|Any CPU.Build.0 = Release|Any CPU
		{F15C46AE-17F3-4646-BD92-2C187E1293CC}.Debug|Any CPU.ActiveCfg = Debug|Any CPU
		{F15C46AE-17F3-4646-BD92-2C187E1293CC}.Debug|Any CPU.Build.0 = Debug|Any CPU
		{F15C46AE-17F3-4646-BD92-2C187E1293CC}.Release|Any CPU.ActiveCfg = Release|Any CPU
		{F15C46AE-17F3-4646-BD92-2C187E1293CC}.Release|Any CPU.Build.0 = Release|Any CPU
		{8E619DDF-64C2-4B32-8CFD-769EC68A7DB8}.Debug|Any CPU.ActiveCfg = Debug|Any CPU
		{8E619DDF-64C2-4B32-8CFD-769EC68A7DB8}.Debug|Any CPU.Build.0 = Debug|Any CPU
		{8E619DDF-64C2-4B32-8CFD-769EC68A7DB8}.Release|Any CPU.ActiveCfg = Release|Any CPU
		{8E619DDF-64C2-4B32-8CFD-769EC68A7DB8}.Release|Any CPU.Build.0 = Release|Any CPU
	EndGlobalSection
	GlobalSection(NestedProjects) = preSolution
		{A45A1263-0CBB-4E63-A5EF-EFFEB6FFD14A} = {369524AD-FB5C-4F9A-A5AD-85E420DAAB99}
		{F15C46AE-17F3-4646-BD92-2C187E1293CC} = {8170795A-64EE-40F1-8EB2-751E2B931550}
		{8E619DDF-64C2-4B32-8CFD-769EC68A7DB8} = {6A9AE00B-A7A9-4097-B5E1-FB08D61A7537}
	EndGlobalSection
EndGlobal
